# THIS IS AN AUTOGENERATED FILE. DO NOT EDIT THIS FILE DIRECTLY.
# yarn lockfile v1


simple-react-validator@^1.0.1:
  version "1.0.1"
  resolved "https://registry.yarnpkg.com/simple-react-validator/-/simple-react-validator-1.0.1.tgz#f73e94816e7d38d1771fa70bd98363c7aa97450f"
  integrity sha512-3neGm1SjMLRF0XjMt9mH0KGq8Lyxq6yLxJ1JKgjSE7s0w3I32lOOQvwr58sSBxXvPm/i98V03YqQuUATSyBT8g==
